{
  "pins" : [
    {
      "identity" : "presenting",
      "kind" : "remoteSourceControl",
      "location" : "https://github.com/JamesSedlacek/Presenting.git",
      "state" : {
        "branch" : "main",
        "revision" : "7df19e1c0bb04bd20375ff967ceed7338136624e"
      }
    }
  ],
  "version" : 2
}
