// !$*UTF8*$!
{
	archiveVersion = 1;
	classes = {
	};
	objectVersion = 56;
	objects = {

/* Begin PBXBuildFile section */
		440CBC422B5AE87D0078A786 /* PresentingDemoButtonModifier.swift in Sources */ = {isa = PBXBuildFile; fileRef = 440CBC412B5AE87D0078A786 /* PresentingDemoButtonModifier.swift */; };
		440CBC452B5AEFDF0078A786 /* LockedView.swift in Sources */ = {isa = PBXBuildFile; fileRef = 440CBC442B5AEFDF0078A786 /* LockedView.swift */; };
		4411E4DE2B5F1F6800466C9D /* DefaultToasts.swift in Sources */ = {isa = PBXBuildFile; fileRef = 4411E4DD2B5F1F6800466C9D /* DefaultToasts.swift */; };
		44376BE62B618B8A00A5AB39 /* PresentingDemoTextStyle.swift in Sources */ = {isa = PBXBuildFile; fileRef = 44376BE52B618B8A00A5AB39 /* PresentingDemoTextStyle.swift */; };
		443D3D9E2B59BC8300A9CF24 /* TestData.swift in Sources */ = {isa = PBXBuildFile; fileRef = 443D3D9D2B59BC8300A9CF24 /* TestData.swift */; };
		443D3DA82B59C1CD00A9CF24 /* DetailViewModel.swift in Sources */ = {isa = PBXBuildFile; fileRef = 443D3DA72B59C1CD00A9CF24 /* DetailViewModel.swift */; };
		449106962B505E0100FB2019 /* PresentingDemoApp.swift in Sources */ = {isa = PBXBuildFile; fileRef = 449106952B505E0100FB2019 /* PresentingDemoApp.swift */; };
		449106982B505E0100FB2019 /* HomeView.swift in Sources */ = {isa = PBXBuildFile; fileRef = 449106972B505E0100FB2019 /* HomeView.swift */; };
		4491069A2B505E0200FB2019 /* Assets.xcassets in Resources */ = {isa = PBXBuildFile; fileRef = 449106992B505E0200FB2019 /* Assets.xcassets */; };
		4491069D2B505E0200FB2019 /* Preview Assets.xcassets in Resources */ = {isa = PBXBuildFile; fileRef = 4491069C2B505E0200FB2019 /* Preview Assets.xcassets */; };
		449106A42B505E1700FB2019 /* ExampleRoute.swift in Sources */ = {isa = PBXBuildFile; fileRef = 449106A32B505E1700FB2019 /* ExampleRoute.swift */; };
		449106A92B505E9E00FB2019 /* DetailView.swift in Sources */ = {isa = PBXBuildFile; fileRef = 449106A82B505E9E00FB2019 /* DetailView.swift */; };
		449106AB2B505EEB00FB2019 /* SettingsView.swift in Sources */ = {isa = PBXBuildFile; fileRef = 449106AA2B505EEB00FB2019 /* SettingsView.swift */; };
		44B915722B59BB4B005C5364 /* Presenting in Frameworks */ = {isa = PBXBuildFile; productRef = 44B915712B59BB4B005C5364 /* Presenting */; };
		44E658252B55A9FA00F849A1 /* BasicView.swift in Sources */ = {isa = PBXBuildFile; fileRef = 44E658242B55A9FA00F849A1 /* BasicView.swift */; };
		44FC74CF2B60509C00B2F19A /* HomeViewUITests.swift in Sources */ = {isa = PBXBuildFile; fileRef = 44FC74CE2B60509C00B2F19A /* HomeViewUITests.swift */; };
/* End PBXBuildFile section */

/* Begin PBXContainerItemProxy section */
		44FC74BC2B604F8100B2F19A /* PBXContainerItemProxy */ = {
			isa = PBXContainerItemProxy;
			containerPortal = 4491068A2B505E0100FB2019 /* Project object */;
			proxyType = 1;
			remoteGlobalIDString = 449106912B505E0100FB2019;
			remoteInfo = PresentingDemo;
		};
		44FC74C92B604FF000B2F19A /* PBXContainerItemProxy */ = {
			isa = PBXContainerItemProxy;
			containerPortal = 4491068A2B505E0100FB2019 /* Project object */;
			proxyType = 1;
			remoteGlobalIDString = 449106912B505E0100FB2019;
			remoteInfo = PresentingDemo;
		};
/* End PBXContainerItemProxy section */

/* Begin PBXFileReference section */
		440CBC412B5AE87D0078A786 /* PresentingDemoButtonModifier.swift */ = {isa = PBXFileReference; lastKnownFileType = sourcecode.swift; path = PresentingDemoButtonModifier.swift; sourceTree = "<group>"; };
		440CBC442B5AEFDF0078A786 /* LockedView.swift */ = {isa = PBXFileReference; lastKnownFileType = sourcecode.swift; path = LockedView.swift; sourceTree = "<group>"; };
		4411E4DD2B5F1F6800466C9D /* DefaultToasts.swift */ = {isa = PBXFileReference; lastKnownFileType = sourcecode.swift; path = DefaultToasts.swift; sourceTree = "<group>"; };
		44376BE52B618B8A00A5AB39 /* PresentingDemoTextStyle.swift */ = {isa = PBXFileReference; lastKnownFileType = sourcecode.swift; path = PresentingDemoTextStyle.swift; sourceTree = "<group>"; };
		443D3D9D2B59BC8300A9CF24 /* TestData.swift */ = {isa = PBXFileReference; lastKnownFileType = sourcecode.swift; path = TestData.swift; sourceTree = "<group>"; };
		443D3DA72B59C1CD00A9CF24 /* DetailViewModel.swift */ = {isa = PBXFileReference; lastKnownFileType = sourcecode.swift; path = DetailViewModel.swift; sourceTree = "<group>"; };
		449106922B505E0100FB2019 /* PresentingDemo.app */ = {isa = PBXFileReference; explicitFileType = wrapper.application; includeInIndex = 0; path = PresentingDemo.app; sourceTree = BUILT_PRODUCTS_DIR; };
		449106952B505E0100FB2019 /* PresentingDemoApp.swift */ = {isa = PBXFileReference; lastKnownFileType = sourcecode.swift; path = PresentingDemoApp.swift; sourceTree = "<group>"; };
		449106972B505E0100FB2019 /* HomeView.swift */ = {isa = PBXFileReference; lastKnownFileType = sourcecode.swift; path = HomeView.swift; sourceTree = "<group>"; };
		449106992B505E0200FB2019 /* Assets.xcassets */ = {isa = PBXFileReference; lastKnownFileType = folder.assetcatalog; path = Assets.xcassets; sourceTree = "<group>"; };
		4491069C2B505E0200FB2019 /* Preview Assets.xcassets */ = {isa = PBXFileReference; lastKnownFileType = folder.assetcatalog; path = "Preview Assets.xcassets"; sourceTree = "<group>"; };
		449106A32B505E1700FB2019 /* ExampleRoute.swift */ = {isa = PBXFileReference; lastKnownFileType = sourcecode.swift; path = ExampleRoute.swift; sourceTree = "<group>"; };
		449106A82B505E9E00FB2019 /* DetailView.swift */ = {isa = PBXFileReference; lastKnownFileType = sourcecode.swift; path = DetailView.swift; sourceTree = "<group>"; };
		449106AA2B505EEB00FB2019 /* SettingsView.swift */ = {isa = PBXFileReference; lastKnownFileType = sourcecode.swift; path = SettingsView.swift; sourceTree = "<group>"; };
		44E658242B55A9FA00F849A1 /* BasicView.swift */ = {isa = PBXFileReference; lastKnownFileType = sourcecode.swift; path = BasicView.swift; sourceTree = "<group>"; };
		44FC74B62B604F8100B2F19A /* PresentingDemoUITests.xctest */ = {isa = PBXFileReference; explicitFileType = wrapper.cfbundle; includeInIndex = 0; path = PresentingDemoUITests.xctest; sourceTree = BUILT_PRODUCTS_DIR; };
		44FC74C52B604FF000B2F19A /* PresentingDemoTests.xctest */ = {isa = PBXFileReference; explicitFileType = wrapper.cfbundle; includeInIndex = 0; path = PresentingDemoTests.xctest; sourceTree = BUILT_PRODUCTS_DIR; };
		44FC74CE2B60509C00B2F19A /* HomeViewUITests.swift */ = {isa = PBXFileReference; lastKnownFileType = sourcecode.swift; path = HomeViewUITests.swift; sourceTree = "<group>"; };
		44FC74D22B605B1800B2F19A /* PresentingDemo.xctestplan */ = {isa = PBXFileReference; lastKnownFileType = text; path = PresentingDemo.xctestplan; sourceTree = "<group>"; };
/* End PBXFileReference section */

/* Begin PBXFrameworksBuildPhase section */
		4491068F2B505E0100FB2019 /* Frameworks */ = {
			isa = PBXFrameworksBuildPhase;
			buildActionMask = 2147483647;
			files = (
				44B915722B59BB4B005C5364 /* Presenting in Frameworks */,
			);
			runOnlyForDeploymentPostprocessing = 0;
		};
		44FC74B32B604F8100B2F19A /* Frameworks */ = {
			isa = PBXFrameworksBuildPhase;
			buildActionMask = 2147483647;
			files = (
			);
			runOnlyForDeploymentPostprocessing = 0;
		};
		44FC74C22B604FF000B2F19A /* Frameworks */ = {
			isa = PBXFrameworksBuildPhase;
			buildActionMask = 2147483647;
			files = (
			);
			runOnlyForDeploymentPostprocessing = 0;
		};
/* End PBXFrameworksBuildPhase section */

/* Begin PBXGroup section */
		440CBC432B5AEF5F0078A786 /* ViewModifiers */ = {
			isa = PBXGroup;
			children = (
				440CBC412B5AE87D0078A786 /* PresentingDemoButtonModifier.swift */,
				44376BE52B618B8A00A5AB39 /* PresentingDemoTextStyle.swift */,
			);
			path = ViewModifiers;
			sourceTree = "<group>";
		};
		443D3D9F2B59BCB000A9CF24 /* Routes */ = {
			isa = PBXGroup;
			children = (
				449106A32B505E1700FB2019 /* ExampleRoute.swift */,
			);
			path = Routes;
			sourceTree = "<group>";
		};
		443D3DA02B59BCBA00A9CF24 /* Views */ = {
			isa = PBXGroup;
			children = (
				449106972B505E0100FB2019 /* HomeView.swift */,
				44E658242B55A9FA00F849A1 /* BasicView.swift */,
				449106A82B505E9E00FB2019 /* DetailView.swift */,
				449106AA2B505EEB00FB2019 /* SettingsView.swift */,
				440CBC442B5AEFDF0078A786 /* LockedView.swift */,
			);
			path = Views;
			sourceTree = "<group>";
		};
		443D3DA12B59BD2800A9CF24 /* SupportData */ = {
			isa = PBXGroup;
			children = (
				443D3D9D2B59BC8300A9CF24 /* TestData.swift */,
				4411E4DD2B5F1F6800466C9D /* DefaultToasts.swift */,
			);
			path = SupportData;
			sourceTree = "<group>";
		};
		443D3DA42B59C1A300A9CF24 /* ViewModels */ = {
			isa = PBXGroup;
			children = (
				443D3DA72B59C1CD00A9CF24 /* DetailViewModel.swift */,
			);
			path = ViewModels;
			sourceTree = "<group>";
		};
		449106892B505E0100FB2019 = {
			isa = PBXGroup;
			children = (
				44FC74D22B605B1800B2F19A /* PresentingDemo.xctestplan */,
				449106942B505E0100FB2019 /* PresentingDemo */,
				44FC74B72B604F8100B2F19A /* PresentingDemoUITests */,
				449106932B505E0100FB2019 /* Products */,
			);
			sourceTree = "<group>";
		};
		449106932B505E0100FB2019 /* Products */ = {
			isa = PBXGroup;
			children = (
				449106922B505E0100FB2019 /* PresentingDemo.app */,
				44FC74B62B604F8100B2F19A /* PresentingDemoUITests.xctest */,
				44FC74C52B604FF000B2F19A /* PresentingDemoTests.xctest */,
			);
			name = Products;
			sourceTree = "<group>";
		};
		449106942B505E0100FB2019 /* PresentingDemo */ = {
			isa = PBXGroup;
			children = (
				449106952B505E0100FB2019 /* PresentingDemoApp.swift */,
				443D3D9F2B59BCB000A9CF24 /* Routes */,
				443D3DA02B59BCBA00A9CF24 /* Views */,
				443D3DA42B59C1A300A9CF24 /* ViewModels */,
				440CBC432B5AEF5F0078A786 /* ViewModifiers */,
				443D3DA12B59BD2800A9CF24 /* SupportData */,
				449106992B505E0200FB2019 /* Assets.xcassets */,
				4491069B2B505E0200FB2019 /* Preview Content */,
			);
			path = PresentingDemo;
			sourceTree = "<group>";
		};
		4491069B2B505E0200FB2019 /* Preview Content */ = {
			isa = PBXGroup;
			children = (
				4491069C2B505E0200FB2019 /* Preview Assets.xcassets */,
			);
			path = "Preview Content";
			sourceTree = "<group>";
		};
		44FC74B72B604F8100B2F19A /* PresentingDemoUITests */ = {
			isa = PBXGroup;
			children = (
				44FC74CE2B60509C00B2F19A /* HomeViewUITests.swift */,
			);
			path = PresentingDemoUITests;
			sourceTree = "<group>";
		};
/* End PBXGroup section */

/* Begin PBXNativeTarget section */
		449106912B505E0100FB2019 /* PresentingDemo */ = {
			isa = PBXNativeTarget;
			buildConfigurationList = 449106A02B505E0200FB2019 /* Build configuration list for PBXNativeTarget "PresentingDemo" */;
			buildPhases = (
				4491068E2B505E0100FB2019 /* Sources */,
				4491068F2B505E0100FB2019 /* Frameworks */,
				449106902B505E0100FB2019 /* Resources */,
			);
			buildRules = (
			);
			dependencies = (
			);
			name = PresentingDemo;
			packageProductDependencies = (
				44B915712B59BB4B005C5364 /* Presenting */,
			);
			productName = PresentingDemo;
			productReference = 449106922B505E0100FB2019 /* PresentingDemo.app */;
			productType = "com.apple.product-type.application";
		};
		44FC74B52B604F8100B2F19A /* PresentingDemoUITests */ = {
			isa = PBXNativeTarget;
			buildConfigurationList = 44FC74BE2B604F8100B2F19A /* Build configuration list for PBXNativeTarget "PresentingDemoUITests" */;
			buildPhases = (
				44FC74B22B604F8100B2F19A /* Sources */,
				44FC74B32B604F8100B2F19A /* Frameworks */,
				44FC74B42B604F8100B2F19A /* Resources */,
			);
			buildRules = (
			);
			dependencies = (
				44FC74BD2B604F8100B2F19A /* PBXTargetDependency */,
			);
			name = PresentingDemoUITests;
			productName = PresentingDemoUITests;
			productReference = 44FC74B62B604F8100B2F19A /* PresentingDemoUITests.xctest */;
			productType = "com.apple.product-type.bundle.ui-testing";
		};
		44FC74C42B604FF000B2F19A /* PresentingDemoTests */ = {
			isa = PBXNativeTarget;
			buildConfigurationList = 44FC74CB2B604FF000B2F19A /* Build configuration list for PBXNativeTarget "PresentingDemoTests" */;
			buildPhases = (
				44FC74C12B604FF000B2F19A /* Sources */,
				44FC74C22B604FF000B2F19A /* Frameworks */,
				44FC74C32B604FF000B2F19A /* Resources */,
			);
			buildRules = (
			);
			dependencies = (
				44FC74CA2B604FF000B2F19A /* PBXTargetDependency */,
			);
			name = PresentingDemoTests;
			productName = PresentingDemoTests;
			productReference = 44FC74C52B604FF000B2F19A /* PresentingDemoTests.xctest */;
			productType = "com.apple.product-type.bundle.unit-test";
		};
/* End PBXNativeTarget section */

/* Begin PBXProject section */
		4491068A2B505E0100FB2019 /* Project object */ = {
			isa = PBXProject;
			attributes = {
				BuildIndependentTargetsInParallel = 1;
				LastSwiftUpdateCheck = 1520;
				LastUpgradeCheck = 1520;
				TargetAttributes = {
					449106912B505E0100FB2019 = {
						CreatedOnToolsVersion = 15.2;
					};
					44FC74B52B604F8100B2F19A = {
						CreatedOnToolsVersion = 15.2;
						TestTargetID = 449106912B505E0100FB2019;
					};
					44FC74C42B604FF000B2F19A = {
						CreatedOnToolsVersion = 15.2;
						LastSwiftMigration = 1520;
						TestTargetID = 449106912B505E0100FB2019;
					};
				};
			};
			buildConfigurationList = 4491068D2B505E0100FB2019 /* Build configuration list for PBXProject "PresentingDemo" */;
			compatibilityVersion = "Xcode 14.0";
			developmentRegion = en;
			hasScannedForEncodings = 0;
			knownRegions = (
				en,
				Base,
			);
			mainGroup = 449106892B505E0100FB2019;
			packageReferences = (
				44B915702B59BB4B005C5364 /* XCRemoteSwiftPackageReference "Presenting" */,
			);
			productRefGroup = 449106932B505E0100FB2019 /* Products */;
			projectDirPath = "";
			projectRoot = "";
			targets = (
				449106912B505E0100FB2019 /* PresentingDemo */,
				44FC74B52B604F8100B2F19A /* PresentingDemoUITests */,
				44FC74C42B604FF000B2F19A /* PresentingDemoTests */,
			);
		};
/* End PBXProject section */

/* Begin PBXResourcesBuildPhase section */
		449106902B505E0100FB2019 /* Resources */ = {
			isa = PBXResourcesBuildPhase;
			buildActionMask = 2147483647;
			files = (
				4491069D2B505E0200FB2019 /* Preview Assets.xcassets in Resources */,
				4491069A2B505E0200FB2019 /* Assets.xcassets in Resources */,
			);
			runOnlyForDeploymentPostprocessing = 0;
		};
		44FC74B42B604F8100B2F19A /* Resources */ = {
			isa = PBXResourcesBuildPhase;
			buildActionMask = 2147483647;
			files = (
			);
			runOnlyForDeploymentPostprocessing = 0;
		};
		44FC74C32B604FF000B2F19A /* Resources */ = {
			isa = PBXResourcesBuildPhase;
			buildActionMask = 2147483647;
			files = (
			);
			runOnlyForDeploymentPostprocessing = 0;
		};
/* End PBXResourcesBuildPhase section */

/* Begin PBXSourcesBuildPhase section */
		4491068E2B505E0100FB2019 /* Sources */ = {
			isa = PBXSourcesBuildPhase;
			buildActionMask = 2147483647;
			files = (
				449106A42B505E1700FB2019 /* ExampleRoute.swift in Sources */,
				443D3D9E2B59BC8300A9CF24 /* TestData.swift in Sources */,
				443D3DA82B59C1CD00A9CF24 /* DetailViewModel.swift in Sources */,
				449106A92B505E9E00FB2019 /* DetailView.swift in Sources */,
				449106982B505E0100FB2019 /* HomeView.swift in Sources */,
				44E658252B55A9FA00F849A1 /* BasicView.swift in Sources */,
				440CBC452B5AEFDF0078A786 /* LockedView.swift in Sources */,
				440CBC422B5AE87D0078A786 /* PresentingDemoButtonModifier.swift in Sources */,
				4411E4DE2B5F1F6800466C9D /* DefaultToasts.swift in Sources */,
				449106962B505E0100FB2019 /* PresentingDemoApp.swift in Sources */,
				449106AB2B505EEB00FB2019 /* SettingsView.swift in Sources */,
				44376BE62B618B8A00A5AB39 /* PresentingDemoTextStyle.swift in Sources */,
			);
			runOnlyForDeploymentPostprocessing = 0;
		};
		44FC74B22B604F8100B2F19A /* Sources */ = {
			isa = PBXSourcesBuildPhase;
			buildActionMask = 2147483647;
			files = (
				44FC74CF2B60509C00B2F19A /* HomeViewUITests.swift in Sources */,
			);
			runOnlyForDeploymentPostprocessing = 0;
		};
		44FC74C12B604FF000B2F19A /* Sources */ = {
			isa = PBXSourcesBuildPhase;
			buildActionMask = 2147483647;
			files = (
			);
			runOnlyForDeploymentPostprocessing = 0;
		};
/* End PBXSourcesBuildPhase section */

/* Begin PBXTargetDependency section */
		44FC74BD2B604F8100B2F19A /* PBXTargetDependency */ = {
			isa = PBXTargetDependency;
			target = 449106912B505E0100FB2019 /* PresentingDemo */;
			targetProxy = 44FC74BC2B604F8100B2F19A /* PBXContainerItemProxy */;
		};
		44FC74CA2B604FF000B2F19A /* PBXTargetDependency */ = {
			isa = PBXTargetDependency;
			target = 449106912B505E0100FB2019 /* PresentingDemo */;
			targetProxy = 44FC74C92B604FF000B2F19A /* PBXContainerItemProxy */;
		};
/* End PBXTargetDependency section */

/* Begin XCBuildConfiguration section */
		4491069E2B505E0200FB2019 /* Debug */ = {
			isa = XCBuildConfiguration;
			buildSettings = {
				ALWAYS_SEARCH_USER_PATHS = NO;
				ASSETCATALOG_COMPILER_GENERATE_SWIFT_ASSET_SYMBOL_EXTENSIONS = YES;
				CLANG_ANALYZER_NONNULL = YES;
				CLANG_ANALYZER_NUMBER_OBJECT_CONVERSION = YES_AGGRESSIVE;
				CLANG_CXX_LANGUAGE_STANDARD = "gnu++20";
				CLANG_ENABLE_MODULES = YES;
				CLANG_ENABLE_OBJC_ARC = YES;
				CLANG_ENABLE_OBJC_WEAK = YES;
				CLANG_WARN_BLOCK_CAPTURE_AUTORELEASING = YES;
				CLANG_WARN_BOOL_CONVERSION = YES;
				CLANG_WARN_COMMA = YES;
				CLANG_WARN_CONSTANT_CONVERSION = YES;
				CLANG_WARN_DEPRECATED_OBJC_IMPLEMENTATIONS = YES;
				CLANG_WARN_DIRECT_OBJC_ISA_USAGE = YES_ERROR;
				CLANG_WARN_DOCUMENTATION_COMMENTS = YES;
				CLANG_WARN_EMPTY_BODY = YES;
				CLANG_WARN_ENUM_CONVERSION = YES;
				CLANG_WARN_INFINITE_RECURSION = YES;
				CLANG_WARN_INT_CONVERSION = YES;
				CLANG_WARN_NON_LITERAL_NULL_CONVERSION = YES;
				CLANG_WARN_OBJC_IMPLICIT_RETAIN_SELF = YES;
				CLANG_WARN_OBJC_LITERAL_CONVERSION = YES;
				CLANG_WARN_OBJC_ROOT_CLASS = YES_ERROR;
				CLANG_WARN_QUOTED_INCLUDE_IN_FRAMEWORK_HEADER = YES;
				CLANG_WARN_RANGE_LOOP_ANALYSIS = YES;
				CLANG_WARN_STRICT_PROTOTYPES = YES;
				CLANG_WARN_SUSPICIOUS_MOVE = YES;
				CLANG_WARN_UNGUARDED_AVAILABILITY = YES_AGGRESSIVE;
				CLANG_WARN_UNREACHABLE_CODE = YES;
				CLANG_WARN__DUPLICATE_METHOD_MATCH = YES;
				COPY_PHASE_STRIP = NO;
				DEBUG_INFORMATION_FORMAT = dwarf;
				ENABLE_STRICT_OBJC_MSGSEND = YES;
				ENABLE_TESTABILITY = YES;
				ENABLE_USER_SCRIPT_SANDBOXING = YES;
				GCC_C_LANGUAGE_STANDARD = gnu17;
				GCC_DYNAMIC_NO_PIC = NO;
				GCC_NO_COMMON_BLOCKS = YES;
				GCC_OPTIMIZATION_LEVEL = 0;
				GCC_PREPROCESSOR_DEFINITIONS = (
					"DEBUG=1",
					"$(inherited)",
				);
				GCC_WARN_64_TO_32_BIT_CONVERSION = YES;
				GCC_WARN_ABOUT_RETURN_TYPE = YES_ERROR;
				GCC_WARN_UNDECLARED_SELECTOR = YES;
				GCC_WARN_UNINITIALIZED_AUTOS = YES_AGGRESSIVE;
				GCC_WARN_UNUSED_FUNCTION = YES;
				GCC_WARN_UNUSED_VARIABLE = YES;
				IPHONEOS_DEPLOYMENT_TARGET = 17.0;
				LOCALIZATION_PREFERS_STRING_CATALOGS = YES;
				MTL_ENABLE_DEBUG_INFO = INCLUDE_SOURCE;
				MTL_FAST_MATH = YES;
				ONLY_ACTIVE_ARCH = YES;
				SDKROOT = iphoneos;
				SWIFT_ACTIVE_COMPILATION_CONDITIONS = "DEBUG $(inherited)";
				SWIFT_OPTIMIZATION_LEVEL = "-Onone";
			};
			name = Debug;
		};
		4491069F2B505E0200FB2019 /* Release */ = {
			isa = XCBuildConfiguration;
			buildSettings = {
				ALWAYS_SEARCH_USER_PATHS = NO;
				ASSETCATALOG_COMPILER_GENERATE_SWIFT_ASSET_SYMBOL_EXTENSIONS = YES;
				CLANG_ANALYZER_NONNULL = YES;
				CLANG_ANALYZER_NUMBER_OBJECT_CONVERSION = YES_AGGRESSIVE;
				CLANG_CXX_LANGUAGE_STANDARD = "gnu++20";
				CLANG_ENABLE_MODULES = YES;
				CLANG_ENABLE_OBJC_ARC = YES;
				CLANG_ENABLE_OBJC_WEAK = YES;
				CLANG_WARN_BLOCK_CAPTURE_AUTORELEASING = YES;
				CLANG_WARN_BOOL_CONVERSION = YES;
				CLANG_WARN_COMMA = YES;
				CLANG_WARN_CONSTANT_CONVERSION = YES;
				CLANG_WARN_DEPRECATED_OBJC_IMPLEMENTATIONS = YES;
				CLANG_WARN_DIRECT_OBJC_ISA_USAGE = YES_ERROR;
				CLANG_WARN_DOCUMENTATION_COMMENTS = YES;
				CLANG_WARN_EMPTY_BODY = YES;
				CLANG_WARN_ENUM_CONVERSION = YES;
				CLANG_WARN_INFINITE_RECURSION = YES;
				CLANG_WARN_INT_CONVERSION = YES;
				CLANG_WARN_NON_LITERAL_NULL_CONVERSION = YES;
				CLANG_WARN_OBJC_IMPLICIT_RETAIN_SELF = YES;
				CLANG_WARN_OBJC_LITERAL_CONVERSION = YES;
				CLANG_WARN_OBJC_ROOT_CLASS = YES_ERROR;
				CLANG_WARN_QUOTED_INCLUDE_IN_FRAMEWORK_HEADER = YES;
				CLANG_WARN_RANGE_LOOP_ANALYSIS = YES;
				CLANG_WARN_STRICT_PROTOTYPES = YES;
				CLANG_WARN_SUSPICIOUS_MOVE = YES;
				CLANG_WARN_UNGUARDED_AVAILABILITY = YES_AGGRESSIVE;
				CLANG_WARN_UNREACHABLE_CODE = YES;
				CLANG_WARN__DUPLICATE_METHOD_MATCH = YES;
				COPY_PHASE_STRIP = NO;
				DEBUG_INFORMATION_FORMAT = "dwarf-with-dsym";
				ENABLE_NS_ASSERTIONS = NO;
				ENABLE_STRICT_OBJC_MSGSEND = YES;
				ENABLE_USER_SCRIPT_SANDBOXING = YES;
				GCC_C_LANGUAGE_STANDARD = gnu17;
				GCC_NO_COMMON_BLOCKS = YES;
				GCC_WARN_64_TO_32_BIT_CONVERSION = YES;
				GCC_WARN_ABOUT_RETURN_TYPE = YES_ERROR;
				GCC_WARN_UNDECLARED_SELECTOR = YES;
				GCC_WARN_UNINITIALIZED_AUTOS = YES_AGGRESSIVE;
				GCC_WARN_UNUSED_FUNCTION = YES;
				GCC_WARN_UNUSED_VARIABLE = YES;
				IPHONEOS_DEPLOYMENT_TARGET = 17.0;
				LOCALIZATION_PREFERS_STRING_CATALOGS = YES;
				MTL_ENABLE_DEBUG_INFO = NO;
				MTL_FAST_MATH = YES;
				SDKROOT = iphoneos;
				SWIFT_COMPILATION_MODE = wholemodule;
				VALIDATE_PRODUCT = YES;
			};
			name = Release;
		};
		449106A12B505E0200FB2019 /* Debug */ = {
			isa = XCBuildConfiguration;
			buildSettings = {
				ASSETCATALOG_COMPILER_APPICON_NAME = AppIcon;
				ASSETCATALOG_COMPILER_GLOBAL_ACCENT_COLOR_NAME = AccentColor;
				CODE_SIGN_STYLE = Automatic;
				CURRENT_PROJECT_VERSION = 1;
				DEVELOPMENT_ASSET_PATHS = "\"PresentingDemo/Preview Content\"";
				DEVELOPMENT_TEAM = E24P6RF94S;
				ENABLE_PREVIEWS = YES;
				GENERATE_INFOPLIST_FILE = YES;
				INFOPLIST_KEY_LSApplicationCategoryType = "public.app-category.developer-tools";
				INFOPLIST_KEY_UIApplicationSceneManifest_Generation = YES;
				INFOPLIST_KEY_UIApplicationSupportsIndirectInputEvents = YES;
				INFOPLIST_KEY_UILaunchScreen_Generation = YES;
				INFOPLIST_KEY_UISupportedInterfaceOrientations = UIInterfaceOrientationPortrait;
				INFOPLIST_KEY_UISupportedInterfaceOrientations_iPad = "UIInterfaceOrientationPortrait UIInterfaceOrientationPortraitUpsideDown";
				IPHONEOS_DEPLOYMENT_TARGET = 17.0;
				LD_RUNPATH_SEARCH_PATHS = (
					"$(inherited)",
					"@executable_path/Frameworks",
				);
				MARKETING_VERSION = 1.0;
				PRODUCT_BUNDLE_IDENTIFIER = com.giorgio.PresentingDemo;
				PRODUCT_NAME = "$(TARGET_NAME)";
				SWIFT_EMIT_LOC_STRINGS = YES;
				SWIFT_VERSION = 5.0;
				TARGETED_DEVICE_FAMILY = "1,2";
			};
			name = Debug;
		};
		449106A22B505E0200FB2019 /* Release */ = {
			isa = XCBuildConfiguration;
			buildSettings = {
				ASSETCATALOG_COMPILER_APPICON_NAME = AppIcon;
				ASSETCATALOG_COMPILER_GLOBAL_ACCENT_COLOR_NAME = AccentColor;
				CODE_SIGN_STYLE = Automatic;
				CURRENT_PROJECT_VERSION = 1;
				DEVELOPMENT_ASSET_PATHS = "\"PresentingDemo/Preview Content\"";
				DEVELOPMENT_TEAM = E24P6RF94S;
				ENABLE_PREVIEWS = YES;
				GENERATE_INFOPLIST_FILE = YES;
				INFOPLIST_KEY_LSApplicationCategoryType = "public.app-category.developer-tools";
				INFOPLIST_KEY_UIApplicationSceneManifest_Generation = YES;
				INFOPLIST_KEY_UIApplicationSupportsIndirectInputEvents = YES;
				INFOPLIST_KEY_UILaunchScreen_Generation = YES;
				INFOPLIST_KEY_UISupportedInterfaceOrientations = UIInterfaceOrientationPortrait;
				INFOPLIST_KEY_UISupportedInterfaceOrientations_iPad = "UIInterfaceOrientationPortrait UIInterfaceOrientationPortraitUpsideDown";
				IPHONEOS_DEPLOYMENT_TARGET = 17.0;
				LD_RUNPATH_SEARCH_PATHS = (
					"$(inherited)",
					"@executable_path/Frameworks",
				);
				MARKETING_VERSION = 1.0;
				PRODUCT_BUNDLE_IDENTIFIER = com.giorgio.PresentingDemo;
				PRODUCT_NAME = "$(TARGET_NAME)";
				SWIFT_EMIT_LOC_STRINGS = YES;
				SWIFT_VERSION = 5.0;
				TARGETED_DEVICE_FAMILY = "1,2";
			};
			name = Release;
		};
		44FC74BF2B604F8100B2F19A /* Debug */ = {
			isa = XCBuildConfiguration;
			buildSettings = {
				CODE_SIGN_STYLE = Automatic;
				CURRENT_PROJECT_VERSION = 1;
				DEVELOPMENT_TEAM = E24P6RF94S;
				GENERATE_INFOPLIST_FILE = YES;
				IPHONEOS_DEPLOYMENT_TARGET = 17.2;
				MACOSX_DEPLOYMENT_TARGET = 14.2;
				MARKETING_VERSION = 1.0;
				PRODUCT_BUNDLE_IDENTIFIER = com.giorgio.PresentingDemoUITests;
				PRODUCT_NAME = "$(TARGET_NAME)";
				SDKROOT = auto;
				SUPPORTED_PLATFORMS = "iphoneos iphonesimulator macosx";
				SWIFT_EMIT_LOC_STRINGS = NO;
				SWIFT_VERSION = 5.0;
				TARGETED_DEVICE_FAMILY = "1,2";
				TEST_TARGET_NAME = PresentingDemo;
			};
			name = Debug;
		};
		44FC74C02B604F8100B2F19A /* Release */ = {
			isa = XCBuildConfiguration;
			buildSettings = {
				CODE_SIGN_STYLE = Automatic;
				CURRENT_PROJECT_VERSION = 1;
				DEVELOPMENT_TEAM = E24P6RF94S;
				GENERATE_INFOPLIST_FILE = YES;
				IPHONEOS_DEPLOYMENT_TARGET = 17.2;
				MACOSX_DEPLOYMENT_TARGET = 14.2;
				MARKETING_VERSION = 1.0;
				PRODUCT_BUNDLE_IDENTIFIER = com.giorgio.PresentingDemoUITests;
				PRODUCT_NAME = "$(TARGET_NAME)";
				SDKROOT = auto;
				SUPPORTED_PLATFORMS = "iphoneos iphonesimulator macosx";
				SWIFT_EMIT_LOC_STRINGS = NO;
				SWIFT_VERSION = 5.0;
				TARGETED_DEVICE_FAMILY = "1,2";
				TEST_TARGET_NAME = PresentingDemo;
			};
			name = Release;
		};
		44FC74CC2B604FF000B2F19A /* Debug */ = {
			isa = XCBuildConfiguration;
			buildSettings = {
				BUNDLE_LOADER = "$(TEST_HOST)";
				CLANG_ENABLE_MODULES = YES;
				CODE_SIGN_STYLE = Automatic;
				CURRENT_PROJECT_VERSION = 1;
				DEVELOPMENT_TEAM = E24P6RF94S;
				GENERATE_INFOPLIST_FILE = YES;
				IPHONEOS_DEPLOYMENT_TARGET = 17.2;
				MACOSX_DEPLOYMENT_TARGET = 14.2;
				MARKETING_VERSION = 1.0;
				PRODUCT_BUNDLE_IDENTIFIER = com.giorgio.PresentingDemoTests;
				PRODUCT_NAME = "$(TARGET_NAME)";
				SDKROOT = auto;
				SUPPORTED_PLATFORMS = "iphoneos iphonesimulator macosx";
				SWIFT_EMIT_LOC_STRINGS = NO;
				SWIFT_OPTIMIZATION_LEVEL = "-Onone";
				SWIFT_VERSION = 5.0;
				TARGETED_DEVICE_FAMILY = "1,2";
				TEST_HOST = "$(BUILT_PRODUCTS_DIR)/PresentingDemo.app/$(BUNDLE_EXECUTABLE_FOLDER_PATH)/PresentingDemo";
			};
			name = Debug;
		};
		44FC74CD2B604FF000B2F19A /* Release */ = {
			isa = XCBuildConfiguration;
			buildSettings = {
				BUNDLE_LOADER = "$(TEST_HOST)";
				CLANG_ENABLE_MODULES = YES;
				CODE_SIGN_STYLE = Automatic;
				CURRENT_PROJECT_VERSION = 1;
				DEVELOPMENT_TEAM = E24P6RF94S;
				GENERATE_INFOPLIST_FILE = YES;
				IPHONEOS_DEPLOYMENT_TARGET = 17.2;
				MACOSX_DEPLOYMENT_TARGET = 14.2;
				MARKETING_VERSION = 1.0;
				PRODUCT_BUNDLE_IDENTIFIER = com.giorgio.PresentingDemoTests;
				PRODUCT_NAME = "$(TARGET_NAME)";
				SDKROOT = auto;
				SUPPORTED_PLATFORMS = "iphoneos iphonesimulator macosx";
				SWIFT_EMIT_LOC_STRINGS = NO;
				SWIFT_VERSION = 5.0;
				TARGETED_DEVICE_FAMILY = "1,2";
				TEST_HOST = "$(BUILT_PRODUCTS_DIR)/PresentingDemo.app/$(BUNDLE_EXECUTABLE_FOLDER_PATH)/PresentingDemo";
			};
			name = Release;
		};
/* End XCBuildConfiguration section */

/* Begin XCConfigurationList section */
		4491068D2B505E0100FB2019 /* Build configuration list for PBXProject "PresentingDemo" */ = {
			isa = XCConfigurationList;
			buildConfigurations = (
				4491069E2B505E0200FB2019 /* Debug */,
				4491069F2B505E0200FB2019 /* Release */,
			);
			defaultConfigurationIsVisible = 0;
			defaultConfigurationName = Release;
		};
		449106A02B505E0200FB2019 /* Build configuration list for PBXNativeTarget "PresentingDemo" */ = {
			isa = XCConfigurationList;
			buildConfigurations = (
				449106A12B505E0200FB2019 /* Debug */,
				449106A22B505E0200FB2019 /* Release */,
			);
			defaultConfigurationIsVisible = 0;
			defaultConfigurationName = Release;
		};
		44FC74BE2B604F8100B2F19A /* Build configuration list for PBXNativeTarget "PresentingDemoUITests" */ = {
			isa = XCConfigurationList;
			buildConfigurations = (
				44FC74BF2B604F8100B2F19A /* Debug */,
				44FC74C02B604F8100B2F19A /* Release */,
			);
			defaultConfigurationIsVisible = 0;
			defaultConfigurationName = Release;
		};
		44FC74CB2B604FF000B2F19A /* Build configuration list for PBXNativeTarget "PresentingDemoTests" */ = {
			isa = XCConfigurationList;
			buildConfigurations = (
				44FC74CC2B604FF000B2F19A /* Debug */,
				44FC74CD2B604FF000B2F19A /* Release */,
			);
			defaultConfigurationIsVisible = 0;
			defaultConfigurationName = Release;
		};
/* End XCConfigurationList section */

/* Begin XCRemoteSwiftPackageReference section */
		44B915702B59BB4B005C5364 /* XCRemoteSwiftPackageReference "Presenting" */ = {
			isa = XCRemoteSwiftPackageReference;
			repositoryURL = "https://github.com/JamesSedlacek/Presenting.git";
			requirement = {
				branch = main;
				kind = branch;
			};
		};
/* End XCRemoteSwiftPackageReference section */

/* Begin XCSwiftPackageProductDependency section */
		44B915712B59BB4B005C5364 /* Presenting */ = {
			isa = XCSwiftPackageProductDependency;
			package = 44B915702B59BB4B005C5364 /* XCRemoteSwiftPackageReference "Presenting" */;
			productName = Presenting;
		};
/* End XCSwiftPackageProductDependency section */
	};
	rootObject = 4491068A2B505E0100FB2019 /* Project object */;
}
